
Microsoft Visual Studio Solution File, Format Version 12.00
# Visual Studio 15
VisualStudioVersion = 15.0.28010.2048
MinimumVisualStudioVersion = 10.0.40219.1
Project("{FAE04EC0-301F-11D3-BF4B-00C04F79EFBC}") = "Optimization", "Optimization\Optimization.csproj", "{49DF2743-9A79-46D1-BAD8-EE9A41EACE2D}"
EndProject
Global
	GlobalSection(SolutionConfigurationPlatforms) = preSolution
		Debug|Any CPU = Debug|Any CPU
		Release|Any CPU = Release|Any CPU
	EndGlobalSection
	GlobalSection(ProjectConfigurationPlatforms) = postSolution
		{49DF2743-9A79-46D1-BAD8-EE9A41EACE2D}.Debug|Any CPU.ActiveCfg = Debug|Any CPU
		{49DF2743-9A79-46D1-BAD8-EE9A41EACE2D}.Debug|Any CPU.Build.0 = Debug|Any CPU
		{49DF2743-9A79-46D1-BAD8-EE9A41EACE2D}.Release|Any CPU.ActiveCfg = Release|Any CPU
		{49DF2743-9A79-46D1-BAD8-EE9A41EACE2D}.Release|Any CPU.Build.0 = Release|Any CPU
	EndGlobalSection
	GlobalSection(SolutionProperties) = preSolution
		HideSolutionNode = FALSE
	EndGlobalSection
	GlobalSection(ExtensibilityGlobals) = postSolution
		SolutionGuid = {C1DDC117-1ECC-4A42-803F-9096A4A0F065}
	EndGlobalSection
EndGlobal
